Microsoft Visual Studio Solution File, Format Version 12.00
# Visual Studio Version 17
VisualStudioVersion = 17.5.2.0
MinimumVisualStudioVersion = 10.0.40219.1
Project("{FAE04EC0-301F-11D3-BF4B-00C04F79EFBC}") = "Part 11 - Language Integrated Query (LINQ)", "Part 11 - Language Integrated Query (LINQ).csproj", "{A497A34F-D51B-DD2C-1758-4DAABCD2C8FC}"
EndProject
Global
	GlobalSection(SolutionConfigurationPlatforms) = preSolution
		Debug|Any CPU = Debug|Any CPU
		Release|Any CPU = Release|Any CPU
	EndGlobalSection
	GlobalSection(ProjectConfigurationPlatforms) = postSolution
		{A497A34F-D51B-DD2C-1758-4DAABCD2C8FC}.Debug|Any CPU.ActiveCfg = Debug|Any CPU
		{A497A34F-D51B-DD2C-1758-4DAABCD2C8FC}.Debug|Any CPU.Build.0 = Debug|Any CPU
		{A497A34F-D51B-DD2C-1758-4DAABCD2C8FC}.Release|Any CPU.ActiveCfg = Release|Any CPU
		{A497A34F-D51B-DD2C-1758-4DAABCD2C8FC}.Release|Any CPU.Build.0 = Release|Any CPU
	EndGlobalSection
	GlobalSection(SolutionProperties) = preSolution
		HideSolutionNode = FALSE
	EndGlobalSection
	GlobalSection(ExtensibilityGlobals) = postSolution
		SolutionGuid = {F0BDF746-55A5-4242-BE36-118765977D76}
	EndGlobalSection
EndGlobal
