
Microsoft Visual Studio Solution File, Format Version 12.00
# Visual Studio Version 17
VisualStudioVersion = 17.5.002.0
MinimumVisualStudioVersion = 10.0.40219.1
Project("{9A19103F-16F7-4668-BE54-9A1E7A4F7556}") = "Part8- List T and Collections of Data", "Part8- List T and Collections of Data.csproj", "{C0C21977-A475-4BD1-BE56-EDF6600F14FE}"
EndProject
Global
	GlobalSection(SolutionConfigurationPlatforms) = preSolution
		Debug|Any CPU = Debug|Any CPU
		Release|Any CPU = Release|Any CPU
	EndGlobalSection
	GlobalSection(ProjectConfigurationPlatforms) = postSolution
		{C0C21977-A475-4BD1-BE56-EDF6600F14FE}.Debug|Any CPU.ActiveCfg = Debug|Any CPU
		{C0C21977-A475-4BD1-BE56-EDF6600F14FE}.Debug|Any CPU.Build.0 = Debug|Any CPU
		{C0C21977-A475-4BD1-BE56-EDF6600F14FE}.Release|Any CPU.ActiveCfg = Release|Any CPU
		{C0C21977-A475-4BD1-BE56-EDF6600F14FE}.Release|Any CPU.Build.0 = Release|Any CPU
	EndGlobalSection
	GlobalSection(SolutionProperties) = preSolution
		HideSolutionNode = FALSE
	EndGlobalSection
	GlobalSection(ExtensibilityGlobals) = postSolution
		SolutionGuid = {17BFE479-7286-4D85-B77C-FC70757EFA9D}
	EndGlobalSection
EndGlobal
