
Microsoft Visual Studio Solution File, Format Version 12.00
# Visual Studio Version 17
VisualStudioVersion = 17.5.002.0
MinimumVisualStudioVersion = 10.0.40219.1
Project("{9A19103F-16F7-4668-BE54-9A1E7A4F7556}") = "Part7-For", "Part7-For.csproj", "{E366C709-77B0-417B-A4ED-2339CA245AB4}"
EndProject
Global
	GlobalSection(SolutionConfigurationPlatforms) = preSolution
		Debug|Any CPU = Debug|Any CPU
		Release|Any CPU = Release|Any CPU
	EndGlobalSection
	GlobalSection(ProjectConfigurationPlatforms) = postSolution
		{E366C709-77B0-417B-A4ED-2339CA245AB4}.Debug|Any CPU.ActiveCfg = Debug|Any CPU
		{E366C709-77B0-417B-A4ED-2339CA245AB4}.Debug|Any CPU.Build.0 = Debug|Any CPU
		{E366C709-77B0-417B-A4ED-2339CA245AB4}.Release|Any CPU.ActiveCfg = Release|Any CPU
		{E366C709-77B0-417B-A4ED-2339CA245AB4}.Release|Any CPU.Build.0 = Release|Any CPU
	EndGlobalSection
	GlobalSection(SolutionProperties) = preSolution
		HideSolutionNode = FALSE
	EndGlobalSection
	GlobalSection(ExtensibilityGlobals) = postSolution
		SolutionGuid = {B8144D4A-B854-4672-8FCB-7CEBA6821C33}
	EndGlobalSection
EndGlobal
