
Microsoft Visual Studio Solution File, Format Version 12.00
# Visual Studio Version 17
VisualStudioVersion = 17.5.002.0
MinimumVisualStudioVersion = 10.0.40219.1
Project("{9A19103F-16F7-4668-BE54-9A1E7A4F7556}") = "Part 6 - Branching and While Loops", "Part 6 - Branching and While Loops.csproj", "{D3B659E4-C527-4279-8BEF-DA4A9007978D}"
EndProject
Global
	GlobalSection(SolutionConfigurationPlatforms) = preSolution
		Debug|Any CPU = Debug|Any CPU
		Release|Any CPU = Release|Any CPU
	EndGlobalSection
	GlobalSection(ProjectConfigurationPlatforms) = postSolution
		{D3B659E4-C527-4279-8BEF-DA4A9007978D}.Debug|Any CPU.ActiveCfg = Debug|Any CPU
		{D3B659E4-C527-4279-8BEF-DA4A9007978D}.Debug|Any CPU.Build.0 = Debug|Any CPU
		{D3B659E4-C527-4279-8BEF-DA4A9007978D}.Release|Any CPU.ActiveCfg = Release|Any CPU
		{D3B659E4-C527-4279-8BEF-DA4A9007978D}.Release|Any CPU.Build.0 = Release|Any CPU
	EndGlobalSection
	GlobalSection(SolutionProperties) = preSolution
		HideSolutionNode = FALSE
	EndGlobalSection
	GlobalSection(ExtensibilityGlobals) = postSolution
		SolutionGuid = {EAE56D52-18FB-4C9A-9BF3-1C15C9047032}
	EndGlobalSection
EndGlobal
